// !$*UTF8*$!
{
	archiveVersion = 1;
	classes = {
	};
	objectVersion = 55;
	objects = {

/* Begin PBXBuildFile section */
		3A27BA3928F853EB00C9AB52 /* BaseNetworkTask.swift in Sources */ = {isa = PBXBuildFile; fileRef = 3A27BA3828F853EB00C9AB52 /* BaseNetworkTask.swift */; };
		3A27BA3B28F853F900C9AB52 /* EmptyModel.swift in Sources */ = {isa = PBXBuildFile; fileRef = 3A27BA3A28F853F900C9AB52 /* EmptyModel.swift */; };
		3A27BA3D28F8540400C9AB52 /* NetworkMethod.swift in Sources */ = {isa = PBXBuildFile; fileRef = 3A27BA3C28F8540400C9AB52 /* NetworkMethod.swift */; };
		3A27BA3F28F8540D00C9AB52 /* NetworkTask.swift in Sources */ = {isa = PBXBuildFile; fileRef = 3A27BA3E28F8540D00C9AB52 /* NetworkTask.swift */; };
		3A47E5682901ABF900026974 /* BaseTokenStorage.swift in Sources */ = {isa = PBXBuildFile; fileRef = 3A47E5672901ABF900026974 /* BaseTokenStorage.swift */; };
		3A47E56A2901AC0200026974 /* TokenContainer.swift in Sources */ = {isa = PBXBuildFile; fileRef = 3A47E5692901AC0200026974 /* TokenContainer.swift */; };
		3A47E56C2901AC0A00026974 /* TokenStorage.swift in Sources */ = {isa = PBXBuildFile; fileRef = 3A47E56B2901AC0A00026974 /* TokenStorage.swift */; };
		3A47E56F2901ACCD00026974 /* AlertView.swift in Sources */ = {isa = PBXBuildFile; fileRef = 3A47E56E2901ACCD00026974 /* AlertView.swift */; };
		3A47E5722901ACF600026974 /* ButtonActivityIndicator.swift in Sources */ = {isa = PBXBuildFile; fileRef = 3A47E5712901ACF600026974 /* ButtonActivityIndicator.swift */; };
		3A47E5752901AD2500026974 /* SnackbarModel.swift in Sources */ = {isa = PBXBuildFile; fileRef = 3A47E5742901AD2500026974 /* SnackbarModel.swift */; };
		3A47E5772901AD2F00026974 /* SnackbarView.swift in Sources */ = {isa = PBXBuildFile; fileRef = 3A47E5762901AD2F00026974 /* SnackbarView.swift */; };
		3A47E57A2901B10B00026974 /* BaseUIViewController.swift in Sources */ = {isa = PBXBuildFile; fileRef = 3A47E5792901B10B00026974 /* BaseUIViewController.swift */; };
		3A47E57C2901B14700026974 /* BaseUINavigationController.swift in Sources */ = {isa = PBXBuildFile; fileRef = 3A47E57B2901B14700026974 /* BaseUINavigationController.swift */; };
		3A4A72AB2905628C00D4236D /* ProductsViewController.swift in Sources */ = {isa = PBXBuildFile; fileRef = 3A4A72A92905628C00D4236D /* ProductsViewController.swift */; };
		3A4A72AC2905628C00D4236D /* ProductsViewController.xib in Resources */ = {isa = PBXBuildFile; fileRef = 3A4A72AA2905628C00D4236D /* ProductsViewController.xib */; };
		3A4A72B0290562BE00D4236D /* ProductCollectionViewCell.swift in Sources */ = {isa = PBXBuildFile; fileRef = 3A4A72AE290562BE00D4236D /* ProductCollectionViewCell.swift */; };
		3A4A72B1290562BE00D4236D /* ProductCollectionViewCell.xib in Resources */ = {isa = PBXBuildFile; fileRef = 3A4A72AF290562BE00D4236D /* ProductCollectionViewCell.xib */; };
		3A4A72B429059F5A00D4236D /* ProductsService.swift in Sources */ = {isa = PBXBuildFile; fileRef = 3A4A72B329059F5A00D4236D /* ProductsService.swift */; };
		3A4A72B629059F6A00D4236D /* ProductsResponseModel.swift in Sources */ = {isa = PBXBuildFile; fileRef = 3A4A72B529059F6A00D4236D /* ProductsResponseModel.swift */; };
		3A4A72B82905A1A800D4236D /* ProductsModel.swift in Sources */ = {isa = PBXBuildFile; fileRef = 3A4A72B72905A1A800D4236D /* ProductsModel.swift */; };
		3A4E60512900313C0059B27C /* AuthViewController.swift in Sources */ = {isa = PBXBuildFile; fileRef = 3A4E604F2900313C0059B27C /* AuthViewController.swift */; };
		3A4E60522900313C0059B27C /* AuthViewController.xib in Resources */ = {isa = PBXBuildFile; fileRef = 3A4E60502900313C0059B27C /* AuthViewController.xib */; };
		3A4E60552900370C0059B27C /* TextFieldPadding.swift in Sources */ = {isa = PBXBuildFile; fileRef = 3A4E60542900370C0059B27C /* TextFieldPadding.swift */; };
		3A62B68328E18FFB00A9E8EB /* AppDelegate.swift in Sources */ = {isa = PBXBuildFile; fileRef = 3A62B68228E18FFB00A9E8EB /* AppDelegate.swift */; };
		3A62B68C28E18FFF00A9E8EB /* Assets.xcassets in Resources */ = {isa = PBXBuildFile; fileRef = 3A62B68B28E18FFF00A9E8EB /* Assets.xcassets */; };
		3A62B68F28E18FFF00A9E8EB /* LaunchScreen.storyboard in Resources */ = {isa = PBXBuildFile; fileRef = 3A62B68D28E18FFF00A9E8EB /* LaunchScreen.storyboard */; };
		3A77362F28E2E4DB0044DAEA /* ColorsStorage.swift in Sources */ = {isa = PBXBuildFile; fileRef = 3A77362E28E2E4DB0044DAEA /* ColorsStorage.swift */; };
		3A77363128E2E7AA0044DAEA /* ImagesStorage.swift in Sources */ = {isa = PBXBuildFile; fileRef = 3A77363028E2E7AA0044DAEA /* ImagesStorage.swift */; };
		3A77363328E2E80C0044DAEA /* TabBarConfigurator.swift in Sources */ = {isa = PBXBuildFile; fileRef = 3A77363228E2E80C0044DAEA /* TabBarConfigurator.swift */; };
		3A77363528E2E83A0044DAEA /* TabBarModel.swift in Sources */ = {isa = PBXBuildFile; fileRef = 3A77363428E2E83A0044DAEA /* TabBarModel.swift */; };
		3A774B5E28F86A1E003D5466 /* ErrorTypes.swift in Sources */ = {isa = PBXBuildFile; fileRef = 3A774B5D28F86A1E003D5466 /* ErrorTypes.swift */; };
		3A774B6028F8711E003D5466 /* AuthRequestModel.swift in Sources */ = {isa = PBXBuildFile; fileRef = 3A774B5F28F8711E003D5466 /* AuthRequestModel.swift */; };
		3A774B6228F8712A003D5466 /* AuthResponseModel.swift in Sources */ = {isa = PBXBuildFile; fileRef = 3A774B6128F8712A003D5466 /* AuthResponseModel.swift */; };
		3A774B6428F87133003D5466 /* AuthService.swift in Sources */ = {isa = PBXBuildFile; fileRef = 3A774B6328F87133003D5466 /* AuthService.swift */; };
		3AAE3ED529040BE1004D8CBD /* CatalogViewController.swift in Sources */ = {isa = PBXBuildFile; fileRef = 3AAE3ED329040BE1004D8CBD /* CatalogViewController.swift */; };
		3AAE3ED629040BE1004D8CBD /* CatalogViewController.xib in Resources */ = {isa = PBXBuildFile; fileRef = 3AAE3ED429040BE1004D8CBD /* CatalogViewController.xib */; };
		3AAE3EDD29040F46004D8CBD /* CatalogService.swift in Sources */ = {isa = PBXBuildFile; fileRef = 3AAE3EDC29040F46004D8CBD /* CatalogService.swift */; };
		3AAE3EDF2904150C004D8CBD /* CatalogModel.swift in Sources */ = {isa = PBXBuildFile; fileRef = 3AAE3EDE2904150C004D8CBD /* CatalogModel.swift */; };
		3AAE3EE2290486E5004D8CBD /* ImageLoader.swift in Sources */ = {isa = PBXBuildFile; fileRef = 3AAE3EE1290486E5004D8CBD /* ImageLoader.swift */; };
		3AAE3EE4290486F8004D8CBD /* UIImageView+ImageLoader.swift in Sources */ = {isa = PBXBuildFile; fileRef = 3AAE3EE3290486F8004D8CBD /* UIImageView+ImageLoader.swift */; };
/* End PBXBuildFile section */

/* Begin PBXFileReference section */
		3A27BA3828F853EB00C9AB52 /* BaseNetworkTask.swift */ = {isa = PBXFileReference; lastKnownFileType = sourcecode.swift; path = BaseNetworkTask.swift; sourceTree = "<group>"; };
		3A27BA3A28F853F900C9AB52 /* EmptyModel.swift */ = {isa = PBXFileReference; lastKnownFileType = sourcecode.swift; path = EmptyModel.swift; sourceTree = "<group>"; };
		3A27BA3C28F8540400C9AB52 /* NetworkMethod.swift */ = {isa = PBXFileReference; lastKnownFileType = sourcecode.swift; path = NetworkMethod.swift; sourceTree = "<group>"; };
		3A27BA3E28F8540D00C9AB52 /* NetworkTask.swift */ = {isa = PBXFileReference; lastKnownFileType = sourcecode.swift; path = NetworkTask.swift; sourceTree = "<group>"; };
		3A47E5672901ABF900026974 /* BaseTokenStorage.swift */ = {isa = PBXFileReference; lastKnownFileType = sourcecode.swift; path = BaseTokenStorage.swift; sourceTree = "<group>"; };
		3A47E5692901AC0200026974 /* TokenContainer.swift */ = {isa = PBXFileReference; lastKnownFileType = sourcecode.swift; path = TokenContainer.swift; sourceTree = "<group>"; };
		3A47E56B2901AC0A00026974 /* TokenStorage.swift */ = {isa = PBXFileReference; lastKnownFileType = sourcecode.swift; path = TokenStorage.swift; sourceTree = "<group>"; };
		3A47E56E2901ACCD00026974 /* AlertView.swift */ = {isa = PBXFileReference; lastKnownFileType = sourcecode.swift; path = AlertView.swift; sourceTree = "<group>"; };
		3A47E5712901ACF600026974 /* ButtonActivityIndicator.swift */ = {isa = PBXFileReference; lastKnownFileType = sourcecode.swift; path = ButtonActivityIndicator.swift; sourceTree = "<group>"; };
		3A47E5742901AD2500026974 /* SnackbarModel.swift */ = {isa = PBXFileReference; lastKnownFileType = sourcecode.swift; path = SnackbarModel.swift; sourceTree = "<group>"; };
		3A47E5762901AD2F00026974 /* SnackbarView.swift */ = {isa = PBXFileReference; lastKnownFileType = sourcecode.swift; path = SnackbarView.swift; sourceTree = "<group>"; };
		3A47E5792901B10B00026974 /* BaseUIViewController.swift */ = {isa = PBXFileReference; lastKnownFileType = sourcecode.swift; path = BaseUIViewController.swift; sourceTree = "<group>"; };
		3A47E57B2901B14700026974 /* BaseUINavigationController.swift */ = {isa = PBXFileReference; lastKnownFileType = sourcecode.swift; path = BaseUINavigationController.swift; sourceTree = "<group>"; };
		3A4A72A92905628C00D4236D /* ProductsViewController.swift */ = {isa = PBXFileReference; lastKnownFileType = sourcecode.swift; path = ProductsViewController.swift; sourceTree = "<group>"; };
		3A4A72AA2905628C00D4236D /* ProductsViewController.xib */ = {isa = PBXFileReference; lastKnownFileType = file.xib; path = ProductsViewController.xib; sourceTree = "<group>"; };
		3A4A72AE290562BE00D4236D /* ProductCollectionViewCell.swift */ = {isa = PBXFileReference; lastKnownFileType = sourcecode.swift; path = ProductCollectionViewCell.swift; sourceTree = "<group>"; };
		3A4A72AF290562BE00D4236D /* ProductCollectionViewCell.xib */ = {isa = PBXFileReference; lastKnownFileType = file.xib; path = ProductCollectionViewCell.xib; sourceTree = "<group>"; };
		3A4A72B329059F5A00D4236D /* ProductsService.swift */ = {isa = PBXFileReference; lastKnownFileType = sourcecode.swift; path = ProductsService.swift; sourceTree = "<group>"; };
		3A4A72B529059F6A00D4236D /* ProductsResponseModel.swift */ = {isa = PBXFileReference; lastKnownFileType = sourcecode.swift; path = ProductsResponseModel.swift; sourceTree = "<group>"; };
		3A4A72B72905A1A800D4236D /* ProductsModel.swift */ = {isa = PBXFileReference; lastKnownFileType = sourcecode.swift; path = ProductsModel.swift; sourceTree = "<group>"; };
		3A4E604F2900313C0059B27C /* AuthViewController.swift */ = {isa = PBXFileReference; lastKnownFileType = sourcecode.swift; path = AuthViewController.swift; sourceTree = "<group>"; };
		3A4E60502900313C0059B27C /* AuthViewController.xib */ = {isa = PBXFileReference; lastKnownFileType = file.xib; path = AuthViewController.xib; sourceTree = "<group>"; };
		3A4E60542900370C0059B27C /* TextFieldPadding.swift */ = {isa = PBXFileReference; lastKnownFileType = sourcecode.swift; path = TextFieldPadding.swift; sourceTree = "<group>"; };
		3A62B67F28E18FFB00A9E8EB /* Fake Store.app */ = {isa = PBXFileReference; explicitFileType = wrapper.application; includeInIndex = 0; path = "Fake Store.app"; sourceTree = BUILT_PRODUCTS_DIR; };
		3A62B68228E18FFB00A9E8EB /* AppDelegate.swift */ = {isa = PBXFileReference; lastKnownFileType = sourcecode.swift; path = AppDelegate.swift; sourceTree = "<group>"; };
		3A62B68B28E18FFF00A9E8EB /* Assets.xcassets */ = {isa = PBXFileReference; lastKnownFileType = folder.assetcatalog; path = Assets.xcassets; sourceTree = "<group>"; };
		3A62B68E28E18FFF00A9E8EB /* Base */ = {isa = PBXFileReference; lastKnownFileType = file.storyboard; name = Base; path = Base.lproj/LaunchScreen.storyboard; sourceTree = "<group>"; };
		3A62B69028E18FFF00A9E8EB /* Info.plist */ = {isa = PBXFileReference; lastKnownFileType = text.plist.xml; path = Info.plist; sourceTree = "<group>"; };
		3A77362E28E2E4DB0044DAEA /* ColorsStorage.swift */ = {isa = PBXFileReference; lastKnownFileType = sourcecode.swift; path = ColorsStorage.swift; sourceTree = "<group>"; };
		3A77363028E2E7AA0044DAEA /* ImagesStorage.swift */ = {isa = PBXFileReference; lastKnownFileType = sourcecode.swift; path = ImagesStorage.swift; sourceTree = "<group>"; };
		3A77363228E2E80C0044DAEA /* TabBarConfigurator.swift */ = {isa = PBXFileReference; lastKnownFileType = sourcecode.swift; path = TabBarConfigurator.swift; sourceTree = "<group>"; };
		3A77363428E2E83A0044DAEA /* TabBarModel.swift */ = {isa = PBXFileReference; lastKnownFileType = sourcecode.swift; path = TabBarModel.swift; sourceTree = "<group>"; };
		3A774B5D28F86A1E003D5466 /* ErrorTypes.swift */ = {isa = PBXFileReference; lastKnownFileType = sourcecode.swift; path = ErrorTypes.swift; sourceTree = "<group>"; };
		3A774B5F28F8711E003D5466 /* AuthRequestModel.swift */ = {isa = PBXFileReference; lastKnownFileType = sourcecode.swift; path = AuthRequestModel.swift; sourceTree = "<group>"; };
		3A774B6128F8712A003D5466 /* AuthResponseModel.swift */ = {isa = PBXFileReference; lastKnownFileType = sourcecode.swift; path = AuthResponseModel.swift; sourceTree = "<group>"; };
		3A774B6328F87133003D5466 /* AuthService.swift */ = {isa = PBXFileReference; lastKnownFileType = sourcecode.swift; path = AuthService.swift; sourceTree = "<group>"; };
		3AAE3ED329040BE1004D8CBD /* CatalogViewController.swift */ = {isa = PBXFileReference; lastKnownFileType = sourcecode.swift; path = CatalogViewController.swift; sourceTree = "<group>"; };
		3AAE3ED429040BE1004D8CBD /* CatalogViewController.xib */ = {isa = PBXFileReference; lastKnownFileType = file.xib; path = CatalogViewController.xib; sourceTree = "<group>"; };
		3AAE3EDC29040F46004D8CBD /* CatalogService.swift */ = {isa = PBXFileReference; lastKnownFileType = sourcecode.swift; path = CatalogService.swift; sourceTree = "<group>"; };
		3AAE3EDE2904150C004D8CBD /* CatalogModel.swift */ = {isa = PBXFileReference; lastKnownFileType = sourcecode.swift; path = CatalogModel.swift; sourceTree = "<group>"; };
		3AAE3EE1290486E5004D8CBD /* ImageLoader.swift */ = {isa = PBXFileReference; lastKnownFileType = sourcecode.swift; path = ImageLoader.swift; sourceTree = "<group>"; };
		3AAE3EE3290486F8004D8CBD /* UIImageView+ImageLoader.swift */ = {isa = PBXFileReference; lastKnownFileType = sourcecode.swift; path = "UIImageView+ImageLoader.swift"; sourceTree = "<group>"; };
/* End PBXFileReference section */

/* Begin PBXFrameworksBuildPhase section */
		3A62B67C28E18FFA00A9E8EB /* Frameworks */ = {
			isa = PBXFrameworksBuildPhase;
			buildActionMask = 2147483647;
			files = (
			);
			runOnlyForDeploymentPostprocessing = 0;
		};
/* End PBXFrameworksBuildPhase section */

/* Begin PBXGroup section */
		3A27BA3128F8538B00C9AB52 /* Services */ = {
			isa = PBXGroup;
			children = (
				3A27BA3228F8539000C9AB52 /* Networking */,
			);
			path = Services;
			sourceTree = "<group>";
		};
		3A27BA3228F8539000C9AB52 /* Networking */ = {
			isa = PBXGroup;
			children = (
				3A4A72B229059EFE00D4236D /* ProductsService */,
				3AAE3ED729040F07004D8CBD /* CatalogService */,
				3A27BA3628F853BF00C9AB52 /* LogoutService */,
				3A27BA3528F853B900C9AB52 /* ImageLoader */,
				3A27BA3428F853B400C9AB52 /* Core */,
				3A27BA3328F853AD00C9AB52 /* AuthService */,
			);
			path = Networking;
			sourceTree = "<group>";
		};
		3A27BA3328F853AD00C9AB52 /* AuthService */ = {
			isa = PBXGroup;
			children = (
				3A774B5F28F8711E003D5466 /* AuthRequestModel.swift */,
				3A774B6128F8712A003D5466 /* AuthResponseModel.swift */,
				3A774B6328F87133003D5466 /* AuthService.swift */,
			);
			path = AuthService;
			sourceTree = "<group>";
		};
		3A27BA3428F853B400C9AB52 /* Core */ = {
			isa = PBXGroup;
			children = (
				3A27BA3828F853EB00C9AB52 /* BaseNetworkTask.swift */,
				3A27BA3A28F853F900C9AB52 /* EmptyModel.swift */,
				3A27BA3C28F8540400C9AB52 /* NetworkMethod.swift */,
				3A27BA3E28F8540D00C9AB52 /* NetworkTask.swift */,
			);
			path = Core;
			sourceTree = "<group>";
		};
		3A27BA3528F853B900C9AB52 /* ImageLoader */ = {
			isa = PBXGroup;
			children = (
				3AAE3EE1290486E5004D8CBD /* ImageLoader.swift */,
				3AAE3EE3290486F8004D8CBD /* UIImageView+ImageLoader.swift */,
			);
			path = ImageLoader;
			sourceTree = "<group>";
		};
		3A27BA3628F853BF00C9AB52 /* LogoutService */ = {
			isa = PBXGroup;
			children = (
			);
			path = LogoutService;
			sourceTree = "<group>";
		};
		3A47E5662901ABD600026974 /* TokenStorage */ = {
			isa = PBXGroup;
			children = (
				3A47E5672901ABF900026974 /* BaseTokenStorage.swift */,
				3A47E5692901AC0200026974 /* TokenContainer.swift */,
				3A47E56B2901AC0A00026974 /* TokenStorage.swift */,
			);
			path = TokenStorage;
			sourceTree = "<group>";
		};
		3A47E56D2901ACB800026974 /* AlertView */ = {
			isa = PBXGroup;
			children = (
				3A47E56E2901ACCD00026974 /* AlertView.swift */,
			);
			path = AlertView;
			sourceTree = "<group>";
		};
		3A47E5702901ACDD00026974 /* ButtonActivityIndicator */ = {
			isa = PBXGroup;
			children = (
				3A47E5712901ACF600026974 /* ButtonActivityIndicator.swift */,
			);
			path = ButtonActivityIndicator;
			sourceTree = "<group>";
		};
		3A47E5732901AD1800026974 /* SnackBar */ = {
			isa = PBXGroup;
			children = (
				3A47E5742901AD2500026974 /* SnackbarModel.swift */,
				3A47E5762901AD2F00026974 /* SnackbarView.swift */,
			);
			path = SnackBar;
			sourceTree = "<group>";
		};
		3A47E5782901B0F300026974 /* BaseClasses */ = {
			isa = PBXGroup;
			children = (
				3A47E5792901B10B00026974 /* BaseUIViewController.swift */,
				3A47E57B2901B14700026974 /* BaseUINavigationController.swift */,
			);
			path = BaseClasses;
			sourceTree = "<group>";
		};
		3A4A72AD2905629700D4236D /* ProductCell */ = {
			isa = PBXGroup;
			children = (
				3A4A72AE290562BE00D4236D /* ProductCollectionViewCell.swift */,
				3A4A72AF290562BE00D4236D /* ProductCollectionViewCell.xib */,
			);
			path = ProductCell;
			sourceTree = "<group>";
		};
		3A4A72B229059EFE00D4236D /* ProductsService */ = {
			isa = PBXGroup;
			children = (
				3A4A72B329059F5A00D4236D /* ProductsService.swift */,
				3A4A72B529059F6A00D4236D /* ProductsResponseModel.swift */,
			);
			path = ProductsService;
			sourceTree = "<group>";
		};
		3A4E604E29002FEE0059B27C /* AuthFlow */ = {
			isa = PBXGroup;
			children = (
				3A4E604F2900313C0059B27C /* AuthViewController.swift */,
				3A4E60502900313C0059B27C /* AuthViewController.xib */,
			);
			path = AuthFlow;
			sourceTree = "<group>";
		};
		3A4E6053290036E70059B27C /* Extensions */ = {
			isa = PBXGroup;
			children = (
				3A4E60542900370C0059B27C /* TextFieldPadding.swift */,
			);
			path = Extensions;
			sourceTree = "<group>";
		};
		3A62B67628E18FFA00A9E8EB = {
			isa = PBXGroup;
			children = (
				3A62B68128E18FFB00A9E8EB /* Fake Store */,
				3A62B68028E18FFB00A9E8EB /* Products */,
			);
			sourceTree = "<group>";
		};
		3A62B68028E18FFB00A9E8EB /* Products */ = {
			isa = PBXGroup;
			children = (
				3A62B67F28E18FFB00A9E8EB /* Fake Store.app */,
			);
			name = Products;
			sourceTree = "<group>";
		};
		3A62B68128E18FFB00A9E8EB /* Fake Store */ = {
			isa = PBXGroup;
			children = (
				3A62B68228E18FFB00A9E8EB /* AppDelegate.swift */,
				3A47E5782901B0F300026974 /* BaseClasses */,
				3A27BA3128F8538B00C9AB52 /* Services */,
				3A62B69628E1940500A9E8EB /* Application */,
				3A62B69828E1958D00A9E8EB /* SupportingViews */,
				3A4E604E29002FEE0059B27C /* AuthFlow */,
				3A62B69728E1957E00A9E8EB /* MainFlow */,
				3A4E6053290036E70059B27C /* Extensions */,
				3A77362B28E2E41C0044DAEA /* Storages */,
			);
			path = "Fake Store";
			sourceTree = "<group>";
		};
		3A62B69628E1940500A9E8EB /* Application */ = {
			isa = PBXGroup;
			children = (
				3A62B68B28E18FFF00A9E8EB /* Assets.xcassets */,
				3A62B68D28E18FFF00A9E8EB /* LaunchScreen.storyboard */,
				3A62B69028E18FFF00A9E8EB /* Info.plist */,
			);
			path = Application;
			sourceTree = "<group>";
		};
		3A62B69728E1957E00A9E8EB /* MainFlow */ = {
			isa = PBXGroup;
			children = (
				3AAE3EE02904867F004D8CBD /* ProductsModule */,
				3A77362A28E2E3D50044DAEA /* CatalogModule */,
			);
			path = MainFlow;
			sourceTree = "<group>";
		};
		3A62B69828E1958D00A9E8EB /* SupportingViews */ = {
			isa = PBXGroup;
			children = (
				3A47E5732901AD1800026974 /* SnackBar */,
				3A47E5702901ACDD00026974 /* ButtonActivityIndicator */,
				3A47E56D2901ACB800026974 /* AlertView */,
				3A77362928E2E3CC0044DAEA /* TabBar */,
			);
			path = SupportingViews;
			sourceTree = "<group>";
		};
		3A77362928E2E3CC0044DAEA /* TabBar */ = {
			isa = PBXGroup;
			children = (
				3A77363228E2E80C0044DAEA /* TabBarConfigurator.swift */,
				3A77363428E2E83A0044DAEA /* TabBarModel.swift */,
			);
			path = TabBar;
			sourceTree = "<group>";
		};
		3A77362A28E2E3D50044DAEA /* CatalogModule */ = {
			isa = PBXGroup;
			children = (
				3AAE3ED329040BE1004D8CBD /* CatalogViewController.swift */,
				3AAE3ED429040BE1004D8CBD /* CatalogViewController.xib */,
				3AAE3EDE2904150C004D8CBD /* CatalogModel.swift */,
			);
			path = CatalogModule;
			sourceTree = "<group>";
		};
		3A77362B28E2E41C0044DAEA /* Storages */ = {
			isa = PBXGroup;
			children = (
				3A47E5662901ABD600026974 /* TokenStorage */,
				3A774B5C28F86A11003D5466 /* ErrorTypes */,
				3A77362D28E2E4340044DAEA /* ColorsStorage */,
				3A77362C28E2E4290044DAEA /* ImagesStorage */,
			);
			path = Storages;
			sourceTree = "<group>";
		};
		3A77362C28E2E4290044DAEA /* ImagesStorage */ = {
			isa = PBXGroup;
			children = (
				3A77363028E2E7AA0044DAEA /* ImagesStorage.swift */,
			);
			path = ImagesStorage;
			sourceTree = "<group>";
		};
		3A77362D28E2E4340044DAEA /* ColorsStorage */ = {
			isa = PBXGroup;
			children = (
				3A77362E28E2E4DB0044DAEA /* ColorsStorage.swift */,
			);
			path = ColorsStorage;
			sourceTree = "<group>";
		};
		3A774B5C28F86A11003D5466 /* ErrorTypes */ = {
			isa = PBXGroup;
			children = (
				3A774B5D28F86A1E003D5466 /* ErrorTypes.swift */,
			);
			path = ErrorTypes;
			sourceTree = "<group>";
		};
		3AAE3ED729040F07004D8CBD /* CatalogService */ = {
			isa = PBXGroup;
			children = (
				3AAE3EDC29040F46004D8CBD /* CatalogService.swift */,
			);
			path = CatalogService;
			sourceTree = "<group>";
		};
		3AAE3EE02904867F004D8CBD /* ProductsModule */ = {
			isa = PBXGroup;
			children = (
				3A4A72AD2905629700D4236D /* ProductCell */,
				3A4A72A92905628C00D4236D /* ProductsViewController.swift */,
				3A4A72AA2905628C00D4236D /* ProductsViewController.xib */,
				3A4A72B72905A1A800D4236D /* ProductsModel.swift */,
			);
			path = ProductsModule;
			sourceTree = "<group>";
		};
/* End PBXGroup section */

/* Begin PBXNativeTarget section */
		3A62B67E28E18FFA00A9E8EB /* Fake Store */ = {
			isa = PBXNativeTarget;
			buildConfigurationList = 3A62B69328E18FFF00A9E8EB /* Build configuration list for PBXNativeTarget "Fake Store" */;
			buildPhases = (
				3A62B67B28E18FFA00A9E8EB /* Sources */,
				3A62B67C28E18FFA00A9E8EB /* Frameworks */,
				3A62B67D28E18FFA00A9E8EB /* Resources */,
			);
			buildRules = (
			);
			dependencies = (
			);
			name = "Fake Store";
			productName = "Fake Store";
			productReference = 3A62B67F28E18FFB00A9E8EB /* Fake Store.app */;
			productType = "com.apple.product-type.application";
		};
/* End PBXNativeTarget section */

/* Begin PBXProject section */
		3A62B67728E18FFA00A9E8EB /* Project object */ = {
			isa = PBXProject;
			attributes = {
				BuildIndependentTargetsInParallel = 1;
				LastSwiftUpdateCheck = 1340;
				LastUpgradeCheck = 1340;
				TargetAttributes = {
					3A62B67E28E18FFA00A9E8EB = {
						CreatedOnToolsVersion = 13.4.1;
					};
				};
			};
			buildConfigurationList = 3A62B67A28E18FFA00A9E8EB /* Build configuration list for PBXProject "Fake Store" */;
			compatibilityVersion = "Xcode 13.0";
			developmentRegion = en;
			hasScannedForEncodings = 0;
			knownRegions = (
				en,
				Base,
			);
			mainGroup = 3A62B67628E18FFA00A9E8EB;
			productRefGroup = 3A62B68028E18FFB00A9E8EB /* Products */;
			projectDirPath = "";
			projectRoot = "";
			targets = (
				3A62B67E28E18FFA00A9E8EB /* Fake Store */,
			);
		};
/* End PBXProject section */

/* Begin PBXResourcesBuildPhase section */
		3A62B67D28E18FFA00A9E8EB /* Resources */ = {
			isa = PBXResourcesBuildPhase;
			buildActionMask = 2147483647;
			files = (
				3AAE3ED629040BE1004D8CBD /* CatalogViewController.xib in Resources */,
				3A62B68F28E18FFF00A9E8EB /* LaunchScreen.storyboard in Resources */,
				3A4A72B1290562BE00D4236D /* ProductCollectionViewCell.xib in Resources */,
				3A4E60522900313C0059B27C /* AuthViewController.xib in Resources */,
				3A62B68C28E18FFF00A9E8EB /* Assets.xcassets in Resources */,
				3A4A72AC2905628C00D4236D /* ProductsViewController.xib in Resources */,
			);
			runOnlyForDeploymentPostprocessing = 0;
		};
/* End PBXResourcesBuildPhase section */

/* Begin PBXSourcesBuildPhase section */
		3A62B67B28E18FFA00A9E8EB /* Sources */ = {
			isa = PBXSourcesBuildPhase;
			buildActionMask = 2147483647;
			files = (
				3AAE3ED529040BE1004D8CBD /* CatalogViewController.swift in Sources */,
				3A47E57C2901B14700026974 /* BaseUINavigationController.swift in Sources */,
				3A27BA3928F853EB00C9AB52 /* BaseNetworkTask.swift in Sources */,
				3AAE3EE4290486F8004D8CBD /* UIImageView+ImageLoader.swift in Sources */,
				3A4A72B0290562BE00D4236D /* ProductCollectionViewCell.swift in Sources */,
				3A47E56F2901ACCD00026974 /* AlertView.swift in Sources */,
				3A4E60552900370C0059B27C /* TextFieldPadding.swift in Sources */,
				3A47E5772901AD2F00026974 /* SnackbarView.swift in Sources */,
				3A47E5682901ABF900026974 /* BaseTokenStorage.swift in Sources */,
				3A47E57A2901B10B00026974 /* BaseUIViewController.swift in Sources */,
				3A47E56A2901AC0200026974 /* TokenContainer.swift in Sources */,
				3A774B5E28F86A1E003D5466 /* ErrorTypes.swift in Sources */,
				3A27BA3F28F8540D00C9AB52 /* NetworkTask.swift in Sources */,
				3A77363328E2E80C0044DAEA /* TabBarConfigurator.swift in Sources */,
				3A47E56C2901AC0A00026974 /* TokenStorage.swift in Sources */,
				3A4A72B629059F6A00D4236D /* ProductsResponseModel.swift in Sources */,
				3A27BA3B28F853F900C9AB52 /* EmptyModel.swift in Sources */,
				3AAE3EE2290486E5004D8CBD /* ImageLoader.swift in Sources */,
				3A774B6228F8712A003D5466 /* AuthResponseModel.swift in Sources */,
				3A4E60512900313C0059B27C /* AuthViewController.swift in Sources */,
				3AAE3EDF2904150C004D8CBD /* CatalogModel.swift in Sources */,
				3A77363128E2E7AA0044DAEA /* ImagesStorage.swift in Sources */,
				3A4A72B429059F5A00D4236D /* ProductsService.swift in Sources */,
				3AAE3EDD29040F46004D8CBD /* CatalogService.swift in Sources */,
				3A77363528E2E83A0044DAEA /* TabBarModel.swift in Sources */,
				3A4A72B82905A1A800D4236D /* ProductsModel.swift in Sources */,
				3A62B68328E18FFB00A9E8EB /* AppDelegate.swift in Sources */,
				3A47E5752901AD2500026974 /* SnackbarModel.swift in Sources */,
				3A4A72AB2905628C00D4236D /* ProductsViewController.swift in Sources */,
				3A774B6028F8711E003D5466 /* AuthRequestModel.swift in Sources */,
				3A27BA3D28F8540400C9AB52 /* NetworkMethod.swift in Sources */,
				3A77362F28E2E4DB0044DAEA /* ColorsStorage.swift in Sources */,
				3A47E5722901ACF600026974 /* ButtonActivityIndicator.swift in Sources */,
				3A774B6428F87133003D5466 /* AuthService.swift in Sources */,
			);
			runOnlyForDeploymentPostprocessing = 0;
		};
/* End PBXSourcesBuildPhase section */

/* Begin PBXVariantGroup section */
		3A62B68D28E18FFF00A9E8EB /* LaunchScreen.storyboard */ = {
			isa = PBXVariantGroup;
			children = (
				3A62B68E28E18FFF00A9E8EB /* Base */,
			);
			name = LaunchScreen.storyboard;
			sourceTree = "<group>";
		};
/* End PBXVariantGroup section */

/* Begin XCBuildConfiguration section */
		3A62B69128E18FFF00A9E8EB /* Debug */ = {
			isa = XCBuildConfiguration;
			buildSettings = {
				ALWAYS_SEARCH_USER_PATHS = NO;
				CLANG_ANALYZER_NONNULL = YES;
				CLANG_ANALYZER_NUMBER_OBJECT_CONVERSION = YES_AGGRESSIVE;
				CLANG_CXX_LANGUAGE_STANDARD = "gnu++17";
				CLANG_ENABLE_MODULES = YES;
				CLANG_ENABLE_OBJC_ARC = YES;
				CLANG_ENABLE_OBJC_WEAK = YES;
				CLANG_WARN_BLOCK_CAPTURE_AUTORELEASING = YES;
				CLANG_WARN_BOOL_CONVERSION = YES;
				CLANG_WARN_COMMA = YES;
				CLANG_WARN_CONSTANT_CONVERSION = YES;
				CLANG_WARN_DEPRECATED_OBJC_IMPLEMENTATIONS = YES;
				CLANG_WARN_DIRECT_OBJC_ISA_USAGE = YES_ERROR;
				CLANG_WARN_DOCUMENTATION_COMMENTS = YES;
				CLANG_WARN_EMPTY_BODY = YES;
				CLANG_WARN_ENUM_CONVERSION = YES;
				CLANG_WARN_INFINITE_RECURSION = YES;
				CLANG_WARN_INT_CONVERSION = YES;
				CLANG_WARN_NON_LITERAL_NULL_CONVERSION = YES;
				CLANG_WARN_OBJC_IMPLICIT_RETAIN_SELF = YES;
				CLANG_WARN_OBJC_LITERAL_CONVERSION = YES;
				CLANG_WARN_OBJC_ROOT_CLASS = YES_ERROR;
				CLANG_WARN_QUOTED_INCLUDE_IN_FRAMEWORK_HEADER = YES;
				CLANG_WARN_RANGE_LOOP_ANALYSIS = YES;
				CLANG_WARN_STRICT_PROTOTYPES = YES;
				CLANG_WARN_SUSPICIOUS_MOVE = YES;
				CLANG_WARN_UNGUARDED_AVAILABILITY = YES_AGGRESSIVE;
				CLANG_WARN_UNREACHABLE_CODE = YES;
				CLANG_WARN__DUPLICATE_METHOD_MATCH = YES;
				COPY_PHASE_STRIP = NO;
				DEBUG_INFORMATION_FORMAT = dwarf;
				ENABLE_STRICT_OBJC_MSGSEND = YES;
				ENABLE_TESTABILITY = YES;
				GCC_C_LANGUAGE_STANDARD = gnu11;
				GCC_DYNAMIC_NO_PIC = NO;
				GCC_NO_COMMON_BLOCKS = YES;
				GCC_OPTIMIZATION_LEVEL = 0;
				GCC_PREPROCESSOR_DEFINITIONS = (
					"DEBUG=1",
					"$(inherited)",
				);
				GCC_WARN_64_TO_32_BIT_CONVERSION = YES;
				GCC_WARN_ABOUT_RETURN_TYPE = YES_ERROR;
				GCC_WARN_UNDECLARED_SELECTOR = YES;
				GCC_WARN_UNINITIALIZED_AUTOS = YES_AGGRESSIVE;
				GCC_WARN_UNUSED_FUNCTION = YES;
				GCC_WARN_UNUSED_VARIABLE = YES;
				IPHONEOS_DEPLOYMENT_TARGET = 15.5;
				MTL_ENABLE_DEBUG_INFO = INCLUDE_SOURCE;
				MTL_FAST_MATH = YES;
				ONLY_ACTIVE_ARCH = YES;
				SDKROOT = iphoneos;
				SWIFT_ACTIVE_COMPILATION_CONDITIONS = DEBUG;
				SWIFT_OPTIMIZATION_LEVEL = "-Onone";
			};
			name = Debug;
		};
		3A62B69228E18FFF00A9E8EB /* Release */ = {
			isa = XCBuildConfiguration;
			buildSettings = {
				ALWAYS_SEARCH_USER_PATHS = NO;
				CLANG_ANALYZER_NONNULL = YES;
				CLANG_ANALYZER_NUMBER_OBJECT_CONVERSION = YES_AGGRESSIVE;
				CLANG_CXX_LANGUAGE_STANDARD = "gnu++17";
				CLANG_ENABLE_MODULES = YES;
				CLANG_ENABLE_OBJC_ARC = YES;
				CLANG_ENABLE_OBJC_WEAK = YES;
				CLANG_WARN_BLOCK_CAPTURE_AUTORELEASING = YES;
				CLANG_WARN_BOOL_CONVERSION = YES;
				CLANG_WARN_COMMA = YES;
				CLANG_WARN_CONSTANT_CONVERSION = YES;
				CLANG_WARN_DEPRECATED_OBJC_IMPLEMENTATIONS = YES;
				CLANG_WARN_DIRECT_OBJC_ISA_USAGE = YES_ERROR;
				CLANG_WARN_DOCUMENTATION_COMMENTS = YES;
				CLANG_WARN_EMPTY_BODY = YES;
				CLANG_WARN_ENUM_CONVERSION = YES;
				CLANG_WARN_INFINITE_RECURSION = YES;
				CLANG_WARN_INT_CONVERSION = YES;
				CLANG_WARN_NON_LITERAL_NULL_CONVERSION = YES;
				CLANG_WARN_OBJC_IMPLICIT_RETAIN_SELF = YES;
				CLANG_WARN_OBJC_LITERAL_CONVERSION = YES;
				CLANG_WARN_OBJC_ROOT_CLASS = YES_ERROR;
				CLANG_WARN_QUOTED_INCLUDE_IN_FRAMEWORK_HEADER = YES;
				CLANG_WARN_RANGE_LOOP_ANALYSIS = YES;
				CLANG_WARN_STRICT_PROTOTYPES = YES;
				CLANG_WARN_SUSPICIOUS_MOVE = YES;
				CLANG_WARN_UNGUARDED_AVAILABILITY = YES_AGGRESSIVE;
				CLANG_WARN_UNREACHABLE_CODE = YES;
				CLANG_WARN__DUPLICATE_METHOD_MATCH = YES;
				COPY_PHASE_STRIP = NO;
				DEBUG_INFORMATION_FORMAT = "dwarf-with-dsym";
				ENABLE_NS_ASSERTIONS = NO;
				ENABLE_STRICT_OBJC_MSGSEND = YES;
				GCC_C_LANGUAGE_STANDARD = gnu11;
				GCC_NO_COMMON_BLOCKS = YES;
				GCC_WARN_64_TO_32_BIT_CONVERSION = YES;
				GCC_WARN_ABOUT_RETURN_TYPE = YES_ERROR;
				GCC_WARN_UNDECLARED_SELECTOR = YES;
				GCC_WARN_UNINITIALIZED_AUTOS = YES_AGGRESSIVE;
				GCC_WARN_UNUSED_FUNCTION = YES;
				GCC_WARN_UNUSED_VARIABLE = YES;
				IPHONEOS_DEPLOYMENT_TARGET = 15.5;
				MTL_ENABLE_DEBUG_INFO = NO;
				MTL_FAST_MATH = YES;
				SDKROOT = iphoneos;
				SWIFT_COMPILATION_MODE = wholemodule;
				SWIFT_OPTIMIZATION_LEVEL = "-O";
				VALIDATE_PRODUCT = YES;
			};
			name = Release;
		};
		3A62B69428E18FFF00A9E8EB /* Debug */ = {
			isa = XCBuildConfiguration;
			buildSettings = {
				ASSETCATALOG_COMPILER_APPICON_NAME = AppIcon;
				ASSETCATALOG_COMPILER_GLOBAL_ACCENT_COLOR_NAME = AccentColor;
				CODE_SIGN_STYLE = Automatic;
				CURRENT_PROJECT_VERSION = 1;
				DEVELOPMENT_TEAM = X6S824DCXB;
				GENERATE_INFOPLIST_FILE = YES;
				INFOPLIST_FILE = "Fake Store/Application/Info.plist";
				INFOPLIST_KEY_UIApplicationSupportsIndirectInputEvents = YES;
				INFOPLIST_KEY_UILaunchStoryboardName = LaunchScreen;
				INFOPLIST_KEY_UISupportedInterfaceOrientations = UIInterfaceOrientationPortrait;
				INFOPLIST_KEY_UISupportedInterfaceOrientations_iPad = "UIInterfaceOrientationLandscapeLeft UIInterfaceOrientationLandscapeRight UIInterfaceOrientationPortrait UIInterfaceOrientationPortraitUpsideDown";
				LD_RUNPATH_SEARCH_PATHS = (
					"$(inherited)",
					"@executable_path/Frameworks",
				);
				MARKETING_VERSION = 1.0;
				PRODUCT_BUNDLE_IDENTIFIER = "Golubeykov.Fake-Store";
				PRODUCT_NAME = "$(TARGET_NAME)";
				SUPPORTED_PLATFORMS = "iphoneos iphonesimulator";
				SUPPORTS_MACCATALYST = NO;
				SUPPORTS_MAC_DESIGNED_FOR_IPHONE_IPAD = NO;
				SWIFT_EMIT_LOC_STRINGS = YES;
				SWIFT_VERSION = 5.0;
				TARGETED_DEVICE_FAMILY = 1;
			};
			name = Debug;
		};
		3A62B69528E18FFF00A9E8EB /* Release */ = {
			isa = XCBuildConfiguration;
			buildSettings = {
				ASSETCATALOG_COMPILER_APPICON_NAME = AppIcon;
				ASSETCATALOG_COMPILER_GLOBAL_ACCENT_COLOR_NAME = AccentColor;
				CODE_SIGN_STYLE = Automatic;
				CURRENT_PROJECT_VERSION = 1;
				DEVELOPMENT_TEAM = X6S824DCXB;
				GENERATE_INFOPLIST_FILE = YES;
				INFOPLIST_FILE = "Fake Store/Application/Info.plist";
				INFOPLIST_KEY_UIApplicationSupportsIndirectInputEvents = YES;
				INFOPLIST_KEY_UILaunchStoryboardName = LaunchScreen;
				INFOPLIST_KEY_UISupportedInterfaceOrientations = UIInterfaceOrientationPortrait;
				INFOPLIST_KEY_UISupportedInterfaceOrientations_iPad = "UIInterfaceOrientationLandscapeLeft UIInterfaceOrientationLandscapeRight UIInterfaceOrientationPortrait UIInterfaceOrientationPortraitUpsideDown";
				LD_RUNPATH_SEARCH_PATHS = (
					"$(inherited)",
					"@executable_path/Frameworks",
				);
				MARKETING_VERSION = 1.0;
				PRODUCT_BUNDLE_IDENTIFIER = "Golubeykov.Fake-Store";
				PRODUCT_NAME = "$(TARGET_NAME)";
				SUPPORTED_PLATFORMS = "iphoneos iphonesimulator";
				SUPPORTS_MACCATALYST = NO;
				SUPPORTS_MAC_DESIGNED_FOR_IPHONE_IPAD = NO;
				SWIFT_EMIT_LOC_STRINGS = YES;
				SWIFT_VERSION = 5.0;
				TARGETED_DEVICE_FAMILY = 1;
			};
			name = Release;
		};
/* End XCBuildConfiguration section */

/* Begin XCConfigurationList section */
		3A62B67A28E18FFA00A9E8EB /* Build configuration list for PBXProject "Fake Store" */ = {
			isa = XCConfigurationList;
			buildConfigurations = (
				3A62B69128E18FFF00A9E8EB /* Debug */,
				3A62B69228E18FFF00A9E8EB /* Release */,
			);
			defaultConfigurationIsVisible = 0;
			defaultConfigurationName = Release;
		};
		3A62B69328E18FFF00A9E8EB /* Build configuration list for PBXNativeTarget "Fake Store" */ = {
			isa = XCConfigurationList;
			buildConfigurations = (
				3A62B69428E18FFF00A9E8EB /* Debug */,
				3A62B69528E18FFF00A9E8EB /* Release */,
			);
			defaultConfigurationIsVisible = 0;
			defaultConfigurationName = Release;
		};
/* End XCConfigurationList section */
	};
	rootObject = 3A62B67728E18FFA00A9E8EB /* Project object */;
}
